{
  "name": "lottie-test",
  "version": "1.0.0",
  "lockfileVersion": 1,
  "requires": true,
  "dependencies": {
    "lottie-web": {
      "version": "5.1.8",
      "resolved": "https://registry.npmjs.org/lottie-web/-/lottie-web-5.1.8.tgz",
      "integrity": "sha512-/Sr5yuR1hRW3S0be/TOF6XFn5rLAZj6ADOh4GRed/2gEGAggdj6aNqFaU3YGfTi5iwOhHGky3uG3qm/ra0C9Hg=="
    }
  }
}
